
Microsoft Visual Studio Solution File, Format Version 12.00
# Visual Studio 15
VisualStudioVersion = 15.0.28307.1433
MinimumVisualStudioVersion = 10.0.40219.1
Project("{FAE04EC0-301F-11D3-BF4B-00C04F79EFBC}") = "BimcodeWeb", "BimcodeWeb\BimcodeWeb.csproj", "{0FFEB8BC-43F8-476A-891C-F2A8DD2D6601}"
EndProject
Global
	GlobalSection(SolutionConfigurationPlatforms) = preSolution
		Debug|Any CPU = Debug|Any CPU
		Release|Any CPU = Release|Any CPU
	EndGlobalSection
	GlobalSection(ProjectConfigurationPlatforms) = postSolution
		{0FFEB8BC-43F8-476A-891C-F2A8DD2D6601}.Debug|Any CPU.ActiveCfg = Debug|Any CPU
		{0FFEB8BC-43F8-476A-891C-F2A8DD2D6601}.Debug|Any CPU.Build.0 = Debug|Any CPU
		{0FFEB8BC-43F8-476A-891C-F2A8DD2D6601}.Release|Any CPU.ActiveCfg = Release|Any CPU
		{0FFEB8BC-43F8-476A-891C-F2A8DD2D6601}.Release|Any CPU.Build.0 = Release|Any CPU
	EndGlobalSection
	GlobalSection(SolutionProperties) = preSolution
		HideSolutionNode = FALSE
	EndGlobalSection
	GlobalSection(ExtensibilityGlobals) = postSolution
		SolutionGuid = {7ED8FA9F-8C12-42E8-BFE6-95638C72C685}
	EndGlobalSection
EndGlobal
